
Microsoft Visual Studio Solution File, Format Version 12.00
# Visual Studio Version 17
VisualStudioVersion = 17.8.34330.188
MinimumVisualStudioVersion = 10.0.40219.1
Project("{FAE04EC0-301F-11D3-BF4B-00C04F79EFBC}") = "IoT_Based_Manhole_Detection_System", "IoT_Based_Manhole_Detection_System\IoT_Based_Manhole_Detection_System.csproj", "{A26979D7-7121-4E5E-A58F-5915D23375F7}"
EndProject
Global
	GlobalSection(SolutionConfigurationPlatforms) = preSolution
		Debug|Any CPU = Debug|Any CPU
		Release|Any CPU = Release|Any CPU
	EndGlobalSection
	GlobalSection(ProjectConfigurationPlatforms) = postSolution
		{A26979D7-7121-4E5E-A58F-5915D23375F7}.Debug|Any CPU.ActiveCfg = Debug|Any CPU
		{A26979D7-7121-4E5E-A58F-5915D23375F7}.Debug|Any CPU.Build.0 = Debug|Any CPU
		{A26979D7-7121-4E5E-A58F-5915D23375F7}.Release|Any CPU.ActiveCfg = Release|Any CPU
		{A26979D7-7121-4E5E-A58F-5915D23375F7}.Release|Any CPU.Build.0 = Release|Any CPU
	EndGlobalSection
	GlobalSection(SolutionProperties) = preSolution
		HideSolutionNode = FALSE
	EndGlobalSection
	GlobalSection(ExtensibilityGlobals) = postSolution
		SolutionGuid = {50059445-C22C-4FA1-973A-937FE099155B}
	EndGlobalSection
EndGlobal
